// !$*UTF8*$!
{
	archiveVersion = 1;
	classes = {
	};
	objectVersion = 46;
	objects = {

/* Begin PBXBuildFile section */
		D8EC69341D54FEF40031E72E /* LaunchScreen.storyboard in Resources */ = {isa = PBXBuildFile; fileRef = D8EC69321D54FEF40031E72E /* LaunchScreen.storyboard */; };
		D8EC69481D55036F0031E72E /* AppDelegate.swift in Sources */ = {isa = PBXBuildFile; fileRef = D8EC693B1D55036F0031E72E /* AppDelegate.swift */; };
		D8EC69491D55036F0031E72E /* CardStack.swift in Sources */ = {isa = PBXBuildFile; fileRef = D8EC693C1D55036F0031E72E /* CardStack.swift */; };
		D8EC694B1D55036F0031E72E /* CardView.swift in Sources */ = {isa = PBXBuildFile; fileRef = D8EC693E1D55036F0031E72E /* CardView.swift */; };
		D8EC694C1D55036F0031E72E /* CollectionViewCell.swift in Sources */ = {isa = PBXBuildFile; fileRef = D8EC693F1D55036F0031E72E /* CollectionViewCell.swift */; };
		D8EC694D1D55036F0031E72E /* Constants.swift in Sources */ = {isa = PBXBuildFile; fileRef = D8EC69401D55036F0031E72E /* Constants.swift */; };
		D8EC694E1D55036F0031E72E /* CustomMKPointAnnotation.swift in Sources */ = {isa = PBXBuildFile; fileRef = D8EC69411D55036F0031E72E /* CustomMKPointAnnotation.swift */; };
		D8EC694F1D55036F0031E72E /* DataStore.swift in Sources */ = {isa = PBXBuildFile; fileRef = D8EC69421D55036F0031E72E /* DataStore.swift */; };
		D8EC69501D55036F0031E72E /* destImage.swift in Sources */ = {isa = PBXBuildFile; fileRef = D8EC69431D55036F0031E72E /* destImage.swift */; };
		D8EC69511D55036F0031E72E /* Destination.swift in Sources */ = {isa = PBXBuildFile; fileRef = D8EC69441D55036F0031E72E /* Destination.swift */; };
		D8EC69521D55036F0031E72E /* destinations.json in Resources */ = {isa = PBXBuildFile; fileRef = D8EC69451D55036F0031E72E /* destinations.json */; };
		D8EC69531D55036F0031E72E /* FavTableViewCell.swift in Sources */ = {isa = PBXBuildFile; fileRef = D8EC69461D55036F0031E72E /* FavTableViewCell.swift */; };
		D8EC69541D55036F0031E72E /* Weather.swift in Sources */ = {isa = PBXBuildFile; fileRef = D8EC69471D55036F0031E72E /* Weather.swift */; };
		D8EC69561D5503AA0031E72E /* WeatherAPIController.swift in Sources */ = {isa = PBXBuildFile; fileRef = D8EC69551D5503AA0031E72E /* WeatherAPIController.swift */; };
		D8EC695C1D5506520031E72E /* CardStackViewController.swift in Sources */ = {isa = PBXBuildFile; fileRef = D8EC695B1D5506520031E72E /* CardStackViewController.swift */; };
		D8EC695E1D5506680031E72E /* FavViewController.swift in Sources */ = {isa = PBXBuildFile; fileRef = D8EC695D1D5506680031E72E /* FavViewController.swift */; };
		D8EC69601D55068C0031E72E /* ProfileViewController.swift in Sources */ = {isa = PBXBuildFile; fileRef = D8EC695F1D55068C0031E72E /* ProfileViewController.swift */; };
		D8EC69621D5506B00031E72E /* SelectedImageViewController.swift in Sources */ = {isa = PBXBuildFile; fileRef = D8EC69611D5506B00031E72E /* SelectedImageViewController.swift */; };
		D8EC69641D5509600031E72E /* Main.storyboard in Resources */ = {isa = PBXBuildFile; fileRef = D8EC69631D5509600031E72E /* Main.storyboard */; };
		D8EC69661D550B3F0031E72E /* MapViewController.swift in Sources */ = {isa = PBXBuildFile; fileRef = D8EC69651D550B3F0031E72E /* MapViewController.swift */; };
		D8EC69681D550C8D0031E72E /* MapKit.framework in Frameworks */ = {isa = PBXBuildFile; fileRef = D8EC69671D550C8D0031E72E /* MapKit.framework */; };
		D8EC696A1D550E850031E72E /* Assets.xcassets in Resources */ = {isa = PBXBuildFile; fileRef = D8EC69691D550E850031E72E /* Assets.xcassets */; };
/* End PBXBuildFile section */

/* Begin PBXFileReference section */
		D8EC69241D54FEF40031E72E /* GoUtah.app */ = {isa = PBXFileReference; explicitFileType = wrapper.application; includeInIndex = 0; path = GoUtah.app; sourceTree = BUILT_PRODUCTS_DIR; };
		D8EC69331D54FEF40031E72E /* Base */ = {isa = PBXFileReference; lastKnownFileType = file.storyboard; name = Base; path = Base.lproj/LaunchScreen.storyboard; sourceTree = "<group>"; };
		D8EC69351D54FEF40031E72E /* Info.plist */ = {isa = PBXFileReference; lastKnownFileType = text.plist.xml; path = Info.plist; sourceTree = "<group>"; };
		D8EC693B1D55036F0031E72E /* AppDelegate.swift */ = {isa = PBXFileReference; fileEncoding = 4; lastKnownFileType = sourcecode.swift; path = AppDelegate.swift; sourceTree = "<group>"; };
		D8EC693C1D55036F0031E72E /* CardStack.swift */ = {isa = PBXFileReference; fileEncoding = 4; lastKnownFileType = sourcecode.swift; path = CardStack.swift; sourceTree = "<group>"; };
		D8EC693E1D55036F0031E72E /* CardView.swift */ = {isa = PBXFileReference; fileEncoding = 4; lastKnownFileType = sourcecode.swift; path = CardView.swift; sourceTree = "<group>"; };
		D8EC693F1D55036F0031E72E /* CollectionViewCell.swift */ = {isa = PBXFileReference; fileEncoding = 4; lastKnownFileType = sourcecode.swift; path = CollectionViewCell.swift; sourceTree = "<group>"; };
		D8EC69401D55036F0031E72E /* Constants.swift */ = {isa = PBXFileReference; fileEncoding = 4; lastKnownFileType = sourcecode.swift; path = Constants.swift; sourceTree = "<group>"; };
		D8EC69411D55036F0031E72E /* CustomMKPointAnnotation.swift */ = {isa = PBXFileReference; fileEncoding = 4; lastKnownFileType = sourcecode.swift; path = CustomMKPointAnnotation.swift; sourceTree = "<group>"; };
		D8EC69421D55036F0031E72E /* DataStore.swift */ = {isa = PBXFileReference; fileEncoding = 4; lastKnownFileType = sourcecode.swift; path = DataStore.swift; sourceTree = "<group>"; };
		D8EC69431D55036F0031E72E /* destImage.swift */ = {isa = PBXFileReference; fileEncoding = 4; lastKnownFileType = sourcecode.swift; path = destImage.swift; sourceTree = "<group>"; };
		D8EC69441D55036F0031E72E /* Destination.swift */ = {isa = PBXFileReference; fileEncoding = 4; lastKnownFileType = sourcecode.swift; path = Destination.swift; sourceTree = "<group>"; };
		D8EC69451D55036F0031E72E /* destinations.json */ = {isa = PBXFileReference; fileEncoding = 4; lastKnownFileType = text.json; path = destinations.json; sourceTree = "<group>"; };
		D8EC69461D55036F0031E72E /* FavTableViewCell.swift */ = {isa = PBXFileReference; fileEncoding = 4; lastKnownFileType = sourcecode.swift; path = FavTableViewCell.swift; sourceTree = "<group>"; };
		D8EC69471D55036F0031E72E /* Weather.swift */ = {isa = PBXFileReference; fileEncoding = 4; lastKnownFileType = sourcecode.swift; path = Weather.swift; sourceTree = "<group>"; };
		D8EC69551D5503AA0031E72E /* WeatherAPIController.swift */ = {isa = PBXFileReference; fileEncoding = 4; lastKnownFileType = sourcecode.swift; path = WeatherAPIController.swift; sourceTree = "<group>"; };
		D8EC695B1D5506520031E72E /* CardStackViewController.swift */ = {isa = PBXFileReference; fileEncoding = 4; lastKnownFileType = sourcecode.swift; path = CardStackViewController.swift; sourceTree = "<group>"; };
		D8EC695D1D5506680031E72E /* FavViewController.swift */ = {isa = PBXFileReference; fileEncoding = 4; lastKnownFileType = sourcecode.swift; path = FavViewController.swift; sourceTree = "<group>"; };
		D8EC695F1D55068C0031E72E /* ProfileViewController.swift */ = {isa = PBXFileReference; fileEncoding = 4; lastKnownFileType = sourcecode.swift; path = ProfileViewController.swift; sourceTree = "<group>"; };
		D8EC69611D5506B00031E72E /* SelectedImageViewController.swift */ = {isa = PBXFileReference; fileEncoding = 4; lastKnownFileType = sourcecode.swift; path = SelectedImageViewController.swift; sourceTree = "<group>"; };
		D8EC69631D5509600031E72E /* Main.storyboard */ = {isa = PBXFileReference; fileEncoding = 4; lastKnownFileType = file.storyboard; path = Main.storyboard; sourceTree = "<group>"; };
		D8EC69651D550B3F0031E72E /* MapViewController.swift */ = {isa = PBXFileReference; fileEncoding = 4; lastKnownFileType = sourcecode.swift; path = MapViewController.swift; sourceTree = "<group>"; };
		D8EC69671D550C8D0031E72E /* MapKit.framework */ = {isa = PBXFileReference; lastKnownFileType = wrapper.framework; name = MapKit.framework; path = System/Library/Frameworks/MapKit.framework; sourceTree = SDKROOT; };
		D8EC69691D550E850031E72E /* Assets.xcassets */ = {isa = PBXFileReference; lastKnownFileType = folder.assetcatalog; path = Assets.xcassets; sourceTree = "<group>"; };
/* End PBXFileReference section */

/* Begin PBXFrameworksBuildPhase section */
		D8EC69211D54FEF40031E72E /* Frameworks */ = {
			isa = PBXFrameworksBuildPhase;
			buildActionMask = 2147483647;
			files = (
				D8EC69681D550C8D0031E72E /* MapKit.framework in Frameworks */,
			);
			runOnlyForDeploymentPostprocessing = 0;
		};
/* End PBXFrameworksBuildPhase section */

/* Begin PBXGroup section */
		D8EC691B1D54FEF40031E72E = {
			isa = PBXGroup;
			children = (
				D8EC69671D550C8D0031E72E /* MapKit.framework */,
				D8EC69261D54FEF40031E72E /* GoUtah */,
				D8EC69251D54FEF40031E72E /* Products */,
			);
			sourceTree = "<group>";
		};
		D8EC69251D54FEF40031E72E /* Products */ = {
			isa = PBXGroup;
			children = (
				D8EC69241D54FEF40031E72E /* GoUtah.app */,
			);
			name = Products;
			sourceTree = "<group>";
		};
		D8EC69261D54FEF40031E72E /* GoUtah */ = {
			isa = PBXGroup;
			children = (
				D8EC693B1D55036F0031E72E /* AppDelegate.swift */,
				D8EC69631D5509600031E72E /* Main.storyboard */,
				D8EC69581D5504280031E72E /* Views */,
				D8EC69591D5504550031E72E /* Models */,
				D8EC69571D5503EF0031E72E /* Controllers */,
				D8EC695A1D5504A40031E72E /* Supporting Files */,
			);
			path = GoUtah;
			sourceTree = "<group>";
		};
		D8EC69571D5503EF0031E72E /* Controllers */ = {
			isa = PBXGroup;
			children = (
				D8EC695B1D5506520031E72E /* CardStackViewController.swift */,
				D8EC695D1D5506680031E72E /* FavViewController.swift */,
				D8EC695F1D55068C0031E72E /* ProfileViewController.swift */,
				D8EC69651D550B3F0031E72E /* MapViewController.swift */,
				D8EC69611D5506B00031E72E /* SelectedImageViewController.swift */,
				D8EC69551D5503AA0031E72E /* WeatherAPIController.swift */,
			);
			name = Controllers;
			sourceTree = "<group>";
		};
		D8EC69581D5504280031E72E /* Views */ = {
			isa = PBXGroup;
			children = (
				D8EC693C1D55036F0031E72E /* CardStack.swift */,
				D8EC693E1D55036F0031E72E /* CardView.swift */,
				D8EC693F1D55036F0031E72E /* CollectionViewCell.swift */,
				D8EC69411D55036F0031E72E /* CustomMKPointAnnotation.swift */,
				D8EC69461D55036F0031E72E /* FavTableViewCell.swift */,
			);
			name = Views;
			sourceTree = "<group>";
		};
		D8EC69591D5504550031E72E /* Models */ = {
			isa = PBXGroup;
			children = (
				D8EC69421D55036F0031E72E /* DataStore.swift */,
				D8EC69431D55036F0031E72E /* destImage.swift */,
				D8EC69441D55036F0031E72E /* Destination.swift */,
				D8EC69471D55036F0031E72E /* Weather.swift */,
			);
			name = Models;
			sourceTree = "<group>";
		};
		D8EC695A1D5504A40031E72E /* Supporting Files */ = {
			isa = PBXGroup;
			children = (
				D8EC69401D55036F0031E72E /* Constants.swift */,
				D8EC69691D550E850031E72E /* Assets.xcassets */,
				D8EC69451D55036F0031E72E /* destinations.json */,
				D8EC69321D54FEF40031E72E /* LaunchScreen.storyboard */,
				D8EC69351D54FEF40031E72E /* Info.plist */,
			);
			name = "Supporting Files";
			sourceTree = "<group>";
		};
/* End PBXGroup section */

/* Begin PBXNativeTarget section */
		D8EC69231D54FEF40031E72E /* GoUtah */ = {
			isa = PBXNativeTarget;
			buildConfigurationList = D8EC69381D54FEF40031E72E /* Build configuration list for PBXNativeTarget "GoUtah" */;
			buildPhases = (
				D8EC69201D54FEF40031E72E /* Sources */,
				D8EC69211D54FEF40031E72E /* Frameworks */,
				D8EC69221D54FEF40031E72E /* Resources */,
			);
			buildRules = (
			);
			dependencies = (
			);
			name = GoUtah;
			productName = GoUtah;
			productReference = D8EC69241D54FEF40031E72E /* GoUtah.app */;
			productType = "com.apple.product-type.application";
		};
/* End PBXNativeTarget section */

/* Begin PBXProject section */
		D8EC691C1D54FEF40031E72E /* Project object */ = {
			isa = PBXProject;
			attributes = {
				LastSwiftUpdateCheck = 0730;
				LastUpgradeCheck = 0730;
				ORGANIZATIONNAME = "Touch Tipe LLC";
				TargetAttributes = {
					D8EC69231D54FEF40031E72E = {
						CreatedOnToolsVersion = 7.3.1;
						SystemCapabilities = {
							com.apple.Maps.iOS = {
								enabled = 1;
							};
						};
					};
				};
			};
			buildConfigurationList = D8EC691F1D54FEF40031E72E /* Build configuration list for PBXProject "GoUtah" */;
			compatibilityVersion = "Xcode 3.2";
			developmentRegion = English;
			hasScannedForEncodings = 0;
			knownRegions = (
				en,
				Base,
			);
			mainGroup = D8EC691B1D54FEF40031E72E;
			productRefGroup = D8EC69251D54FEF40031E72E /* Products */;
			projectDirPath = "";
			projectRoot = "";
			targets = (
				D8EC69231D54FEF40031E72E /* GoUtah */,
			);
		};
/* End PBXProject section */

/* Begin PBXResourcesBuildPhase section */
		D8EC69221D54FEF40031E72E /* Resources */ = {
			isa = PBXResourcesBuildPhase;
			buildActionMask = 2147483647;
			files = (
				D8EC69341D54FEF40031E72E /* LaunchScreen.storyboard in Resources */,
				D8EC69521D55036F0031E72E /* destinations.json in Resources */,
				D8EC696A1D550E850031E72E /* Assets.xcassets in Resources */,
				D8EC69641D5509600031E72E /* Main.storyboard in Resources */,
			);
			runOnlyForDeploymentPostprocessing = 0;
		};
/* End PBXResourcesBuildPhase section */

/* Begin PBXSourcesBuildPhase section */
		D8EC69201D54FEF40031E72E /* Sources */ = {
			isa = PBXSourcesBuildPhase;
			buildActionMask = 2147483647;
			files = (
				D8EC695E1D5506680031E72E /* FavViewController.swift in Sources */,
				D8EC69481D55036F0031E72E /* AppDelegate.swift in Sources */,
				D8EC69511D55036F0031E72E /* Destination.swift in Sources */,
				D8EC695C1D5506520031E72E /* CardStackViewController.swift in Sources */,
				D8EC69621D5506B00031E72E /* SelectedImageViewController.swift in Sources */,
				D8EC69501D55036F0031E72E /* destImage.swift in Sources */,
				D8EC69601D55068C0031E72E /* ProfileViewController.swift in Sources */,
				D8EC694F1D55036F0031E72E /* DataStore.swift in Sources */,
				D8EC69541D55036F0031E72E /* Weather.swift in Sources */,
				D8EC694E1D55036F0031E72E /* CustomMKPointAnnotation.swift in Sources */,
				D8EC69531D55036F0031E72E /* FavTableViewCell.swift in Sources */,
				D8EC694C1D55036F0031E72E /* CollectionViewCell.swift in Sources */,
				D8EC69491D55036F0031E72E /* CardStack.swift in Sources */,
				D8EC694B1D55036F0031E72E /* CardView.swift in Sources */,
				D8EC69561D5503AA0031E72E /* WeatherAPIController.swift in Sources */,
				D8EC694D1D55036F0031E72E /* Constants.swift in Sources */,
				D8EC69661D550B3F0031E72E /* MapViewController.swift in Sources */,
			);
			runOnlyForDeploymentPostprocessing = 0;
		};
/* End PBXSourcesBuildPhase section */

/* Begin PBXVariantGroup section */
		D8EC69321D54FEF40031E72E /* LaunchScreen.storyboard */ = {
			isa = PBXVariantGroup;
			children = (
				D8EC69331D54FEF40031E72E /* Base */,
			);
			name = LaunchScreen.storyboard;
			sourceTree = "<group>";
		};
/* End PBXVariantGroup section */

/* Begin XCBuildConfiguration section */
		D8EC69361D54FEF40031E72E /* Debug */ = {
			isa = XCBuildConfiguration;
			buildSettings = {
				ALWAYS_SEARCH_USER_PATHS = NO;
				CLANG_ANALYZER_NONNULL = YES;
				CLANG_CXX_LANGUAGE_STANDARD = "gnu++0x";
				CLANG_CXX_LIBRARY = "libc++";
				CLANG_ENABLE_MODULES = YES;
				CLANG_ENABLE_OBJC_ARC = YES;
				CLANG_WARN_BOOL_CONVERSION = YES;
				CLANG_WARN_CONSTANT_CONVERSION = YES;
				CLANG_WARN_DIRECT_OBJC_ISA_USAGE = YES_ERROR;
				CLANG_WARN_EMPTY_BODY = YES;
				CLANG_WARN_ENUM_CONVERSION = YES;
				CLANG_WARN_INT_CONVERSION = YES;
				CLANG_WARN_OBJC_ROOT_CLASS = YES_ERROR;
				CLANG_WARN_UNREACHABLE_CODE = YES;
				CLANG_WARN__DUPLICATE_METHOD_MATCH = YES;
				"CODE_SIGN_IDENTITY[sdk=iphoneos*]" = "iPhone Developer";
				COPY_PHASE_STRIP = NO;
				DEBUG_INFORMATION_FORMAT = dwarf;
				ENABLE_STRICT_OBJC_MSGSEND = YES;
				ENABLE_TESTABILITY = YES;
				GCC_C_LANGUAGE_STANDARD = gnu99;
				GCC_DYNAMIC_NO_PIC = NO;
				GCC_NO_COMMON_BLOCKS = YES;
				GCC_OPTIMIZATION_LEVEL = 0;
				GCC_PREPROCESSOR_DEFINITIONS = (
					"DEBUG=1",
					"$(inherited)",
				);
				GCC_WARN_64_TO_32_BIT_CONVERSION = YES;
				GCC_WARN_ABOUT_RETURN_TYPE = YES_ERROR;
				GCC_WARN_UNDECLARED_SELECTOR = YES;
				GCC_WARN_UNINITIALIZED_AUTOS = YES_AGGRESSIVE;
				GCC_WARN_UNUSED_FUNCTION = YES;
				GCC_WARN_UNUSED_VARIABLE = YES;
				IPHONEOS_DEPLOYMENT_TARGET = 9.3;
				MTL_ENABLE_DEBUG_INFO = YES;
				ONLY_ACTIVE_ARCH = YES;
				SDKROOT = iphoneos;
				SWIFT_OPTIMIZATION_LEVEL = "-Onone";
			};
			name = Debug;
		};
		D8EC69371D54FEF40031E72E /* Release */ = {
			isa = XCBuildConfiguration;
			buildSettings = {
				ALWAYS_SEARCH_USER_PATHS = NO;
				CLANG_ANALYZER_NONNULL = YES;
				CLANG_CXX_LANGUAGE_STANDARD = "gnu++0x";
				CLANG_CXX_LIBRARY = "libc++";
				CLANG_ENABLE_MODULES = YES;
				CLANG_ENABLE_OBJC_ARC = YES;
				CLANG_WARN_BOOL_CONVERSION = YES;
				CLANG_WARN_CONSTANT_CONVERSION = YES;
				CLANG_WARN_DIRECT_OBJC_ISA_USAGE = YES_ERROR;
				CLANG_WARN_EMPTY_BODY = YES;
				CLANG_WARN_ENUM_CONVERSION = YES;
				CLANG_WARN_INT_CONVERSION = YES;
				CLANG_WARN_OBJC_ROOT_CLASS = YES_ERROR;
				CLANG_WARN_UNREACHABLE_CODE = YES;
				CLANG_WARN__DUPLICATE_METHOD_MATCH = YES;
				"CODE_SIGN_IDENTITY[sdk=iphoneos*]" = "iPhone Developer";
				COPY_PHASE_STRIP = NO;
				DEBUG_INFORMATION_FORMAT = "dwarf-with-dsym";
				ENABLE_NS_ASSERTIONS = NO;
				ENABLE_STRICT_OBJC_MSGSEND = YES;
				GCC_C_LANGUAGE_STANDARD = gnu99;
				GCC_NO_COMMON_BLOCKS = YES;
				GCC_WARN_64_TO_32_BIT_CONVERSION = YES;
				GCC_WARN_ABOUT_RETURN_TYPE = YES_ERROR;
				GCC_WARN_UNDECLARED_SELECTOR = YES;
				GCC_WARN_UNINITIALIZED_AUTOS = YES_AGGRESSIVE;
				GCC_WARN_UNUSED_FUNCTION = YES;
				GCC_WARN_UNUSED_VARIABLE = YES;
				IPHONEOS_DEPLOYMENT_TARGET = 9.3;
				MTL_ENABLE_DEBUG_INFO = NO;
				SDKROOT = iphoneos;
				VALIDATE_PRODUCT = YES;
			};
			name = Release;
		};
		D8EC69391D54FEF40031E72E /* Debug */ = {
			isa = XCBuildConfiguration;
			buildSettings = {
				ASSETCATALOG_COMPILER_APPICON_NAME = AppIcon;
				INFOPLIST_FILE = GoUtah/Info.plist;
				LD_RUNPATH_SEARCH_PATHS = "$(inherited) @executable_path/Frameworks";
				PRODUCT_BUNDLE_IDENTIFIER = com.touchtipe.GoUtah;
				PRODUCT_NAME = "$(TARGET_NAME)";
			};
			name = Debug;
		};
		D8EC693A1D54FEF40031E72E /* Release */ = {
			isa = XCBuildConfiguration;
			buildSettings = {
				ASSETCATALOG_COMPILER_APPICON_NAME = AppIcon;
				INFOPLIST_FILE = GoUtah/Info.plist;
				LD_RUNPATH_SEARCH_PATHS = "$(inherited) @executable_path/Frameworks";
				PRODUCT_BUNDLE_IDENTIFIER = com.touchtipe.GoUtah;
				PRODUCT_NAME = "$(TARGET_NAME)";
			};
			name = Release;
		};
/* End XCBuildConfiguration section */

/* Begin XCConfigurationList section */
		D8EC691F1D54FEF40031E72E /* Build configuration list for PBXProject "GoUtah" */ = {
			isa = XCConfigurationList;
			buildConfigurations = (
				D8EC69361D54FEF40031E72E /* Debug */,
				D8EC69371D54FEF40031E72E /* Release */,
			);
			defaultConfigurationIsVisible = 0;
			defaultConfigurationName = Release;
		};
		D8EC69381D54FEF40031E72E /* Build configuration list for PBXNativeTarget "GoUtah" */ = {
			isa = XCConfigurationList;
			buildConfigurations = (
				D8EC69391D54FEF40031E72E /* Debug */,
				D8EC693A1D54FEF40031E72E /* Release */,
			);
			defaultConfigurationIsVisible = 0;
			defaultConfigurationName = Release;
		};
/* End XCConfigurationList section */
	};
	rootObject = D8EC691C1D54FEF40031E72E /* Project object */;
}
